{
  "requires": true,
  "lockfileVersion": 1,
  "dependencies": {
    "code": {
      "version": "5.2.3",
      "resolved": "https://registry.npmjs.org/code/-/code-5.2.3.tgz",
      "integrity": "sha512-Ia4TRcboSruXWohmKkMN6FthJvlrbGcck0qessx0Q6Tv4cpKO+Q1XkrwW5KZuiKuVwvrbioMtOr5YS5VoBKrAA==",
      "requires": {
        "hoek": "6.x.x"
      }
    },
    "hoek": {
      "version": "6.0.2",
      "resolved": "https://registry.npmjs.org/hoek/-/hoek-6.0.2.tgz",
      "integrity": "sha512-0RGPLkyxpsMJVj/iOCaJaIWFEch988eUicJJpRiQ+Or1CMvBXcoZPlSx9FhreDWw4hxMYy8xgTEdlsYQDTnxWA=="
    }
  }
}
